
Microsoft Visual Studio Solution File, Format Version 12.00
# Visual Studio Version 17
VisualStudioVersion = 17.12.35527.113 d17.12
MinimumVisualStudioVersion = 10.0.40219.1
Project("{FAE04EC0-301F-11D3-BF4B-00C04F79EFBC}") = "WindowsForms-note_etudiant", "WindowsForms-note_etudiant\WindowsForms-note_etudiant.csproj", "{F2BA6D12-D9BA-497E-BA71-4A474A987149}"
EndProject
Project("{2150E333-8FDC-42A3-9474-1A3956D46DE8}") = "Éléments de solution", "Éléments de solution", "{5BC4BD1D-1C75-4C8C-A8B8-FE713736F626}"
	ProjectSection(SolutionItems) = preProject
		.gitignore = .gitignore
	EndProjectSection
EndProject
Global
	GlobalSection(SolutionConfigurationPlatforms) = preSolution
		Debug|Any CPU = Debug|Any CPU
		Release|Any CPU = Release|Any CPU
	EndGlobalSection
	GlobalSection(ProjectConfigurationPlatforms) = postSolution
		{F2BA6D12-D9BA-497E-BA71-4A474A987149}.Debug|Any CPU.ActiveCfg = Debug|Any CPU
		{F2BA6D12-D9BA-497E-BA71-4A474A987149}.Debug|Any CPU.Build.0 = Debug|Any CPU
		{F2BA6D12-D9BA-497E-BA71-4A474A987149}.Release|Any CPU.ActiveCfg = Release|Any CPU
		{F2BA6D12-D9BA-497E-BA71-4A474A987149}.Release|Any CPU.Build.0 = Release|Any CPU
	EndGlobalSection
	GlobalSection(SolutionProperties) = preSolution
		HideSolutionNode = FALSE
	EndGlobalSection
EndGlobal
